
Microsoft Visual Studio Solution File, Format Version 12.00
# Visual Studio Version 17
VisualStudioVersion = 17.12.35527.113 d17.12
MinimumVisualStudioVersion = 10.0.40219.1
Project("{FAE04EC0-301F-11D3-BF4B-00C04F79EFBC}") = "Lb_5", "Lb_5\Lb_5.csproj", "{BEABFC96-B83C-4507-8FCB-F1FC3696BCEC}"
EndProject
Global
	GlobalSection(SolutionConfigurationPlatforms) = preSolution
		Debug|Any CPU = Debug|Any CPU
		Release|Any CPU = Release|Any CPU
	EndGlobalSection
	GlobalSection(ProjectConfigurationPlatforms) = postSolution
		{BEABFC96-B83C-4507-8FCB-F1FC3696BCEC}.Debug|Any CPU.ActiveCfg = Debug|Any CPU
		{BEABFC96-B83C-4507-8FCB-F1FC3696BCEC}.Debug|Any CPU.Build.0 = Debug|Any CPU
		{BEABFC96-B83C-4507-8FCB-F1FC3696BCEC}.Release|Any CPU.ActiveCfg = Release|Any CPU
		{BEABFC96-B83C-4507-8FCB-F1FC3696BCEC}.Release|Any CPU.Build.0 = Release|Any CPU
	EndGlobalSection
	GlobalSection(SolutionProperties) = preSolution
		HideSolutionNode = FALSE
	EndGlobalSection
EndGlobal
